// !$*UTF8*$!
{
	archiveVersion = 1;
	classes = {
	};
	objectVersion = 46;
	objects = {

/* Begin PBXBuildFile section */
		81552D1D1BE9D098003AE02F /* InicioViewController.swift in Sources */ = {isa = PBXBuildFile; fileRef = 81552D1C1BE9D098003AE02F /* InicioViewController.swift */; };
		81552D1F1BE9D0F7003AE02F /* IngredientesViewController.swift in Sources */ = {isa = PBXBuildFile; fileRef = 81552D1E1BE9D0F7003AE02F /* IngredientesViewController.swift */; };
		81552D211BE9D145003AE02F /* ConfirmacionViewController.swift in Sources */ = {isa = PBXBuildFile; fileRef = 81552D201BE9D145003AE02F /* ConfirmacionViewController.swift */; };
		81552D231BE9D173003AE02F /* ResultadoViewController.swift in Sources */ = {isa = PBXBuildFile; fileRef = 81552D221BE9D173003AE02F /* ResultadoViewController.swift */; };
		81552D281BE9D688003AE02F /* imgGrande.png in Resources */ = {isa = PBXBuildFile; fileRef = 81552D251BE9D688003AE02F /* imgGrande.png */; };
		81552D291BE9D688003AE02F /* imgMediano.png in Resources */ = {isa = PBXBuildFile; fileRef = 81552D261BE9D688003AE02F /* imgMediano.png */; };
		81552D2A1BE9D688003AE02F /* imgChico.png in Resources */ = {isa = PBXBuildFile; fileRef = 81552D271BE9D688003AE02F /* imgChico.png */; };
		81E051AB1BE9B34A00255155 /* AppDelegate.swift in Sources */ = {isa = PBXBuildFile; fileRef = 81E051AA1BE9B34A00255155 /* AppDelegate.swift */; };
		81E051AD1BE9B34A00255155 /* TamanoViewController.swift in Sources */ = {isa = PBXBuildFile; fileRef = 81E051AC1BE9B34A00255155 /* TamanoViewController.swift */; };
		81E051AF1BE9B34A00255155 /* MasaViewController.swift in Sources */ = {isa = PBXBuildFile; fileRef = 81E051AE1BE9B34A00255155 /* MasaViewController.swift */; };
		81E051B21BE9B34A00255155 /* Main.storyboard in Resources */ = {isa = PBXBuildFile; fileRef = 81E051B01BE9B34A00255155 /* Main.storyboard */; };
		81E051B41BE9B34A00255155 /* Assets.xcassets in Resources */ = {isa = PBXBuildFile; fileRef = 81E051B31BE9B34A00255155 /* Assets.xcassets */; };
		81E051B71BE9B34A00255155 /* LaunchScreen.storyboard in Resources */ = {isa = PBXBuildFile; fileRef = 81E051B51BE9B34A00255155 /* LaunchScreen.storyboard */; };
		81E051C21BE9B34A00255155 /* Mi_pizzaTests.swift in Sources */ = {isa = PBXBuildFile; fileRef = 81E051C11BE9B34A00255155 /* Mi_pizzaTests.swift */; };
		81E051CD1BE9B34A00255155 /* Mi_pizzaUITests.swift in Sources */ = {isa = PBXBuildFile; fileRef = 81E051CC1BE9B34A00255155 /* Mi_pizzaUITests.swift */; };
		81E051DB1BE9BD1500255155 /* QuesoViewController.swift in Sources */ = {isa = PBXBuildFile; fileRef = 81E051DA1BE9BD1500255155 /* QuesoViewController.swift */; };
		81EF11ED1BF97CD000321BB8 /* buttonComenzar.png in Resources */ = {isa = PBXBuildFile; fileRef = 81EF11EC1BF97CD000321BB8 /* buttonComenzar.png */; };
		81EF11F11BF97E2500321BB8 /* inicio.png in Resources */ = {isa = PBXBuildFile; fileRef = 81EF11F01BF97E2500321BB8 /* inicio.png */; };
		81EF11F31BF983F800321BB8 /* base_madera.png in Resources */ = {isa = PBXBuildFile; fileRef = 81EF11F21BF983F800321BB8 /* base_madera.png */; };
		81EF11FC1BF98E2E00321BB8 /* masaDelgada.png in Resources */ = {isa = PBXBuildFile; fileRef = 81EF11F91BF98E2E00321BB8 /* masaDelgada.png */; };
		81EF11FD1BF98E2E00321BB8 /* masaGruesa.png in Resources */ = {isa = PBXBuildFile; fileRef = 81EF11FA1BF98E2E00321BB8 /* masaGruesa.png */; };
		81EF11FF1BF98F6100321BB8 /* masaCrujiente.png in Resources */ = {isa = PBXBuildFile; fileRef = 81EF11FE1BF98F6100321BB8 /* masaCrujiente.png */; };
		81EF12031BF9934F00321BB8 /* img_cheddar.png in Resources */ = {isa = PBXBuildFile; fileRef = 81EF12001BF9934F00321BB8 /* img_cheddar.png */; };
		81EF12041BF9934F00321BB8 /* img_mozzarela.png in Resources */ = {isa = PBXBuildFile; fileRef = 81EF12011BF9934F00321BB8 /* img_mozzarela.png */; };
		81EF12051BF9934F00321BB8 /* img_parmesano.png in Resources */ = {isa = PBXBuildFile; fileRef = 81EF12021BF9934F00321BB8 /* img_parmesano.png */; };
		81EF12071BF9943B00321BB8 /* img_sinQueso.png in Resources */ = {isa = PBXBuildFile; fileRef = 81EF12061BF9943B00321BB8 /* img_sinQueso.png */; };
		81EF12091BF9964500321BB8 /* fondo_Ingredientes.png in Resources */ = {isa = PBXBuildFile; fileRef = 81EF12081BF9964500321BB8 /* fondo_Ingredientes.png */; };
		81EF12101BF99C2A00321BB8 /* img_aceitunas.png in Resources */ = {isa = PBXBuildFile; fileRef = 81EF120A1BF99C2A00321BB8 /* img_aceitunas.png */; };
		81EF12111BF99C2A00321BB8 /* img_cebolla.png in Resources */ = {isa = PBXBuildFile; fileRef = 81EF120B1BF99C2A00321BB8 /* img_cebolla.png */; };
		81EF12121BF99C2A00321BB8 /* img_jamon.png in Resources */ = {isa = PBXBuildFile; fileRef = 81EF120C1BF99C2A00321BB8 /* img_jamon.png */; };
		81EF12131BF99C2A00321BB8 /* img_pavo.png in Resources */ = {isa = PBXBuildFile; fileRef = 81EF120D1BF99C2A00321BB8 /* img_pavo.png */; };
		81EF12141BF99C2A00321BB8 /* img_peperoni.png in Resources */ = {isa = PBXBuildFile; fileRef = 81EF120E1BF99C2A00321BB8 /* img_peperoni.png */; };
		81EF12151BF99C2A00321BB8 /* img_salchicha.png in Resources */ = {isa = PBXBuildFile; fileRef = 81EF120F1BF99C2A00321BB8 /* img_salchicha.png */; };
		81EF12191BF9A22D00321BB8 /* fondoConformacion.png in Resources */ = {isa = PBXBuildFile; fileRef = 81EF12181BF9A22D00321BB8 /* fondoConformacion.png */; };
		81EF121B1BF9A2B700321BB8 /* cocinarButton.png in Resources */ = {isa = PBXBuildFile; fileRef = 81EF121A1BF9A2B700321BB8 /* cocinarButton.png */; };
		81EF122A1BFA1A8500321BB8 /* tamano_fondo.png in Resources */ = {isa = PBXBuildFile; fileRef = 81EF12281BFA1A8500321BB8 /* tamano_fondo.png */; };
		81EF122B1BFA1A8500321BB8 /* tamano_masa.png in Resources */ = {isa = PBXBuildFile; fileRef = 81EF12291BFA1A8500321BB8 /* tamano_masa.png */; };
		81EF122E1BFA463A00321BB8 /* imagenesOn.png in Resources */ = {isa = PBXBuildFile; fileRef = 81EF122C1BFA463A00321BB8 /* imagenesOn.png */; };
		81EF122F1BFA463A00321BB8 /* imagenesOnOff.png in Resources */ = {isa = PBXBuildFile; fileRef = 81EF122D1BFA463A00321BB8 /* imagenesOnOff.png */; };
		81EF12831BFB763400321BB8 /* Interface.storyboard in Resources */ = {isa = PBXBuildFile; fileRef = 81EF12811BFB763400321BB8 /* Interface.storyboard */; };
		81EF12851BFB763400321BB8 /* Assets.xcassets in Resources */ = {isa = PBXBuildFile; fileRef = 81EF12841BFB763400321BB8 /* Assets.xcassets */; };
		81EF128C1BFB763400321BB8 /* miPizzaWatchOS Extension.appex in Embed App Extensions */ = {isa = PBXBuildFile; fileRef = 81EF128B1BFB763400321BB8 /* miPizzaWatchOS Extension.appex */; settings = {ATTRIBUTES = (RemoveHeadersOnCopy, ); }; };
		81EF12931BFB763400321BB8 /* TamanoPizza.swift in Sources */ = {isa = PBXBuildFile; fileRef = 81EF12921BFB763400321BB8 /* TamanoPizza.swift */; };
		81EF12951BFB763400321BB8 /* ExtensionDelegate.swift in Sources */ = {isa = PBXBuildFile; fileRef = 81EF12941BFB763400321BB8 /* ExtensionDelegate.swift */; };
		81EF12971BFB763400321BB8 /* NotificationController.swift in Sources */ = {isa = PBXBuildFile; fileRef = 81EF12961BFB763400321BB8 /* NotificationController.swift */; };
		81EF12991BFB763400321BB8 /* Assets.xcassets in Resources */ = {isa = PBXBuildFile; fileRef = 81EF12981BFB763400321BB8 /* Assets.xcassets */; };
		81EF129D1BFB763400321BB8 /* miPizzaWatchOS.app in Embed Watch Content */ = {isa = PBXBuildFile; fileRef = 81EF127F1BFB763400321BB8 /* miPizzaWatchOS.app */; };
		81EF12A71BFD77A300321BB8 /* TamanoPicker.swift in Sources */ = {isa = PBXBuildFile; fileRef = 81EF12A61BFD77A300321BB8 /* TamanoPicker.swift */; };
		81EF12B11BFD926300321BB8 /* icon_aceitunas.png in Resources */ = {isa = PBXBuildFile; fileRef = 81EF12AB1BFD926300321BB8 /* icon_aceitunas.png */; };
		81EF12B21BFD926300321BB8 /* icon_cebolla.png in Resources */ = {isa = PBXBuildFile; fileRef = 81EF12AC1BFD926300321BB8 /* icon_cebolla.png */; };
		81EF12B31BFD926300321BB8 /* icon_jamon.png in Resources */ = {isa = PBXBuildFile; fileRef = 81EF12AD1BFD926300321BB8 /* icon_jamon.png */; };
		81EF12B41BFD926300321BB8 /* icon_pavo.png in Resources */ = {isa = PBXBuildFile; fileRef = 81EF12AE1BFD926300321BB8 /* icon_pavo.png */; };
		81EF12B51BFD926300321BB8 /* icon_salchicha.png in Resources */ = {isa = PBXBuildFile; fileRef = 81EF12AF1BFD926300321BB8 /* icon_salchicha.png */; };
		81EF12B61BFD926300321BB8 /* icon-peperoni.png in Resources */ = {isa = PBXBuildFile; fileRef = 81EF12B01BFD926300321BB8 /* icon-peperoni.png */; };
/* End PBXBuildFile section */

/* Begin PBXContainerItemProxy section */
		81E051BE1BE9B34A00255155 /* PBXContainerItemProxy */ = {
			isa = PBXContainerItemProxy;
			containerPortal = 81E0519F1BE9B34A00255155 /* Project object */;
			proxyType = 1;
			remoteGlobalIDString = 81E051A61BE9B34A00255155;
			remoteInfo = Mi_pizza;
		};
		81E051C91BE9B34A00255155 /* PBXContainerItemProxy */ = {
			isa = PBXContainerItemProxy;
			containerPortal = 81E0519F1BE9B34A00255155 /* Project object */;
			proxyType = 1;
			remoteGlobalIDString = 81E051A61BE9B34A00255155;
			remoteInfo = Mi_pizza;
		};
		81EF128D1BFB763400321BB8 /* PBXContainerItemProxy */ = {
			isa = PBXContainerItemProxy;
			containerPortal = 81E0519F1BE9B34A00255155 /* Project object */;
			proxyType = 1;
			remoteGlobalIDString = 81EF128A1BFB763400321BB8;
			remoteInfo = "miPizzaWatchOS Extension";
		};
		81EF129B1BFB763400321BB8 /* PBXContainerItemProxy */ = {
			isa = PBXContainerItemProxy;
			containerPortal = 81E0519F1BE9B34A00255155 /* Project object */;
			proxyType = 1;
			remoteGlobalIDString = 81EF127E1BFB763400321BB8;
			remoteInfo = miPizzaWatchOS;
		};
/* End PBXContainerItemProxy section */

/* Begin PBXCopyFilesBuildPhase section */
		81EF12A31BFB763400321BB8 /* Embed App Extensions */ = {
			isa = PBXCopyFilesBuildPhase;
			buildActionMask = 2147483647;
			dstPath = "";
			dstSubfolderSpec = 13;
			files = (
				81EF128C1BFB763400321BB8 /* miPizzaWatchOS Extension.appex in Embed App Extensions */,
			);
			name = "Embed App Extensions";
			runOnlyForDeploymentPostprocessing = 0;
		};
		81EF12A51BFB763400321BB8 /* Embed Watch Content */ = {
			isa = PBXCopyFilesBuildPhase;
			buildActionMask = 2147483647;
			dstPath = "$(CONTENTS_FOLDER_PATH)/Watch";
			dstSubfolderSpec = 16;
			files = (
				81EF129D1BFB763400321BB8 /* miPizzaWatchOS.app in Embed Watch Content */,
			);
			name = "Embed Watch Content";
			runOnlyForDeploymentPostprocessing = 0;
		};
/* End PBXCopyFilesBuildPhase section */

/* Begin PBXFileReference section */
		81552D1C1BE9D098003AE02F /* InicioViewController.swift */ = {isa = PBXFileReference; fileEncoding = 4; lastKnownFileType = sourcecode.swift; path = InicioViewController.swift; sourceTree = "<group>"; };
		81552D1E1BE9D0F7003AE02F /* IngredientesViewController.swift */ = {isa = PBXFileReference; fileEncoding = 4; lastKnownFileType = sourcecode.swift; path = IngredientesViewController.swift; sourceTree = "<group>"; };
		81552D201BE9D145003AE02F /* ConfirmacionViewController.swift */ = {isa = PBXFileReference; fileEncoding = 4; lastKnownFileType = sourcecode.swift; path = ConfirmacionViewController.swift; sourceTree = "<group>"; };
		81552D221BE9D173003AE02F /* ResultadoViewController.swift */ = {isa = PBXFileReference; fileEncoding = 4; lastKnownFileType = sourcecode.swift; path = ResultadoViewController.swift; sourceTree = "<group>"; };
		81552D251BE9D688003AE02F /* imgGrande.png */ = {isa = PBXFileReference; lastKnownFileType = image.png; path = imgGrande.png; sourceTree = "<group>"; };
		81552D261BE9D688003AE02F /* imgMediano.png */ = {isa = PBXFileReference; lastKnownFileType = image.png; path = imgMediano.png; sourceTree = "<group>"; };
		81552D271BE9D688003AE02F /* imgChico.png */ = {isa = PBXFileReference; lastKnownFileType = image.png; path = imgChico.png; sourceTree = "<group>"; };
		81E051A71BE9B34A00255155 /* Mi_pizza.app */ = {isa = PBXFileReference; explicitFileType = wrapper.application; includeInIndex = 0; path = Mi_pizza.app; sourceTree = BUILT_PRODUCTS_DIR; };
		81E051AA1BE9B34A00255155 /* AppDelegate.swift */ = {isa = PBXFileReference; lastKnownFileType = sourcecode.swift; path = AppDelegate.swift; sourceTree = "<group>"; };
		81E051AC1BE9B34A00255155 /* TamanoViewController.swift */ = {isa = PBXFileReference; lastKnownFileType = sourcecode.swift; path = TamanoViewController.swift; sourceTree = "<group>"; };
		81E051AE1BE9B34A00255155 /* MasaViewController.swift */ = {isa = PBXFileReference; lastKnownFileType = sourcecode.swift; path = MasaViewController.swift; sourceTree = "<group>"; };
		81E051B11BE9B34A00255155 /* Base */ = {isa = PBXFileReference; lastKnownFileType = file.storyboard; name = Base; path = Base.lproj/Main.storyboard; sourceTree = "<group>"; };
		81E051B31BE9B34A00255155 /* Assets.xcassets */ = {isa = PBXFileReference; lastKnownFileType = folder.assetcatalog; path = Assets.xcassets; sourceTree = "<group>"; };
		81E051B61BE9B34A00255155 /* Base */ = {isa = PBXFileReference; lastKnownFileType = file.storyboard; name = Base; path = Base.lproj/LaunchScreen.storyboard; sourceTree = "<group>"; };
		81E051B81BE9B34A00255155 /* Info.plist */ = {isa = PBXFileReference; lastKnownFileType = text.plist.xml; path = Info.plist; sourceTree = "<group>"; };
		81E051BD1BE9B34A00255155 /* Mi_pizzaTests.xctest */ = {isa = PBXFileReference; explicitFileType = wrapper.cfbundle; includeInIndex = 0; path = Mi_pizzaTests.xctest; sourceTree = BUILT_PRODUCTS_DIR; };
		81E051C11BE9B34A00255155 /* Mi_pizzaTests.swift */ = {isa = PBXFileReference; lastKnownFileType = sourcecode.swift; path = Mi_pizzaTests.swift; sourceTree = "<group>"; };
		81E051C31BE9B34A00255155 /* Info.plist */ = {isa = PBXFileReference; lastKnownFileType = text.plist.xml; path = Info.plist; sourceTree = "<group>"; };
		81E051C81BE9B34A00255155 /* Mi_pizzaUITests.xctest */ = {isa = PBXFileReference; explicitFileType = wrapper.cfbundle; includeInIndex = 0; path = Mi_pizzaUITests.xctest; sourceTree = BUILT_PRODUCTS_DIR; };
		81E051CC1BE9B34A00255155 /* Mi_pizzaUITests.swift */ = {isa = PBXFileReference; lastKnownFileType = sourcecode.swift; path = Mi_pizzaUITests.swift; sourceTree = "<group>"; };
		81E051CE1BE9B34A00255155 /* Info.plist */ = {isa = PBXFileReference; lastKnownFileType = text.plist.xml; path = Info.plist; sourceTree = "<group>"; };
		81E051DA1BE9BD1500255155 /* QuesoViewController.swift */ = {isa = PBXFileReference; fileEncoding = 4; lastKnownFileType = sourcecode.swift; path = QuesoViewController.swift; sourceTree = "<group>"; };
		81EF11EC1BF97CD000321BB8 /* buttonComenzar.png */ = {isa = PBXFileReference; lastKnownFileType = image.png; path = buttonComenzar.png; sourceTree = "<group>"; };
		81EF11F01BF97E2500321BB8 /* inicio.png */ = {isa = PBXFileReference; lastKnownFileType = image.png; path = inicio.png; sourceTree = "<group>"; };
		81EF11F21BF983F800321BB8 /* base_madera.png */ = {isa = PBXFileReference; lastKnownFileType = image.png; path = base_madera.png; sourceTree = "<group>"; };
		81EF11F91BF98E2E00321BB8 /* masaDelgada.png */ = {isa = PBXFileReference; lastKnownFileType = image.png; path = masaDelgada.png; sourceTree = "<group>"; };
		81EF11FA1BF98E2E00321BB8 /* masaGruesa.png */ = {isa = PBXFileReference; lastKnownFileType = image.png; path = masaGruesa.png; sourceTree = "<group>"; };
		81EF11FE1BF98F6100321BB8 /* masaCrujiente.png */ = {isa = PBXFileReference; lastKnownFileType = image.png; path = masaCrujiente.png; sourceTree = "<group>"; };
		81EF12001BF9934F00321BB8 /* img_cheddar.png */ = {isa = PBXFileReference; lastKnownFileType = image.png; path = img_cheddar.png; sourceTree = "<group>"; };
		81EF12011BF9934F00321BB8 /* img_mozzarela.png */ = {isa = PBXFileReference; lastKnownFileType = image.png; path = img_mozzarela.png; sourceTree = "<group>"; };
		81EF12021BF9934F00321BB8 /* img_parmesano.png */ = {isa = PBXFileReference; lastKnownFileType = image.png; path = img_parmesano.png; sourceTree = "<group>"; };
		81EF12061BF9943B00321BB8 /* img_sinQueso.png */ = {isa = PBXFileReference; lastKnownFileType = image.png; path = img_sinQueso.png; sourceTree = "<group>"; };
		81EF12081BF9964500321BB8 /* fondo_Ingredientes.png */ = {isa = PBXFileReference; lastKnownFileType = image.png; path = fondo_Ingredientes.png; sourceTree = "<group>"; };
		81EF120A1BF99C2A00321BB8 /* img_aceitunas.png */ = {isa = PBXFileReference; lastKnownFileType = image.png; path = img_aceitunas.png; sourceTree = "<group>"; };
		81EF120B1BF99C2A00321BB8 /* img_cebolla.png */ = {isa = PBXFileReference; lastKnownFileType = image.png; path = img_cebolla.png; sourceTree = "<group>"; };
		81EF120C1BF99C2A00321BB8 /* img_jamon.png */ = {isa = PBXFileReference; lastKnownFileType = image.png; path = img_jamon.png; sourceTree = "<group>"; };
		81EF120D1BF99C2A00321BB8 /* img_pavo.png */ = {isa = PBXFileReference; lastKnownFileType = image.png; path = img_pavo.png; sourceTree = "<group>"; };
		81EF120E1BF99C2A00321BB8 /* img_peperoni.png */ = {isa = PBXFileReference; lastKnownFileType = image.png; path = img_peperoni.png; sourceTree = "<group>"; };
		81EF120F1BF99C2A00321BB8 /* img_salchicha.png */ = {isa = PBXFileReference; lastKnownFileType = image.png; path = img_salchicha.png; sourceTree = "<group>"; };
		81EF12181BF9A22D00321BB8 /* fondoConformacion.png */ = {isa = PBXFileReference; lastKnownFileType = image.png; path = fondoConformacion.png; sourceTree = "<group>"; };
		81EF121A1BF9A2B700321BB8 /* cocinarButton.png */ = {isa = PBXFileReference; lastKnownFileType = image.png; path = cocinarButton.png; sourceTree = "<group>"; };
		81EF12281BFA1A8500321BB8 /* tamano_fondo.png */ = {isa = PBXFileReference; lastKnownFileType = image.png; path = tamano_fondo.png; sourceTree = "<group>"; };
		81EF12291BFA1A8500321BB8 /* tamano_masa.png */ = {isa = PBXFileReference; lastKnownFileType = image.png; path = tamano_masa.png; sourceTree = "<group>"; };
		81EF122C1BFA463A00321BB8 /* imagenesOn.png */ = {isa = PBXFileReference; lastKnownFileType = image.png; path = imagenesOn.png; sourceTree = "<group>"; };
		81EF122D1BFA463A00321BB8 /* imagenesOnOff.png */ = {isa = PBXFileReference; lastKnownFileType = image.png; path = imagenesOnOff.png; sourceTree = "<group>"; };
		81EF127F1BFB763400321BB8 /* miPizzaWatchOS.app */ = {isa = PBXFileReference; explicitFileType = wrapper.application; includeInIndex = 0; path = miPizzaWatchOS.app; sourceTree = BUILT_PRODUCTS_DIR; };
		81EF12821BFB763400321BB8 /* Base */ = {isa = PBXFileReference; lastKnownFileType = file.storyboard; name = Base; path = Base.lproj/Interface.storyboard; sourceTree = "<group>"; };
		81EF12841BFB763400321BB8 /* Assets.xcassets */ = {isa = PBXFileReference; lastKnownFileType = folder.assetcatalog; path = Assets.xcassets; sourceTree = "<group>"; };
		81EF12861BFB763400321BB8 /* Info.plist */ = {isa = PBXFileReference; lastKnownFileType = text.plist.xml; path = Info.plist; sourceTree = "<group>"; };
		81EF128B1BFB763400321BB8 /* miPizzaWatchOS Extension.appex */ = {isa = PBXFileReference; explicitFileType = "wrapper.app-extension"; includeInIndex = 0; path = "miPizzaWatchOS Extension.appex"; sourceTree = BUILT_PRODUCTS_DIR; };
		81EF12911BFB763400321BB8 /* PushNotificationPayload.apns */ = {isa = PBXFileReference; lastKnownFileType = text; path = PushNotificationPayload.apns; sourceTree = "<group>"; };
		81EF12921BFB763400321BB8 /* TamanoPizza.swift */ = {isa = PBXFileReference; lastKnownFileType = sourcecode.swift; path = TamanoPizza.swift; sourceTree = "<group>"; };
		81EF12941BFB763400321BB8 /* ExtensionDelegate.swift */ = {isa = PBXFileReference; lastKnownFileType = sourcecode.swift; path = ExtensionDelegate.swift; sourceTree = "<group>"; };
		81EF12961BFB763400321BB8 /* NotificationController.swift */ = {isa = PBXFileReference; lastKnownFileType = sourcecode.swift; path = NotificationController.swift; sourceTree = "<group>"; };
		81EF12981BFB763400321BB8 /* Assets.xcassets */ = {isa = PBXFileReference; lastKnownFileType = folder.assetcatalog; path = Assets.xcassets; sourceTree = "<group>"; };
		81EF129A1BFB763400321BB8 /* Info.plist */ = {isa = PBXFileReference; lastKnownFileType = text.plist.xml; path = Info.plist; sourceTree = "<group>"; };
		81EF12A61BFD77A300321BB8 /* TamanoPicker.swift */ = {isa = PBXFileReference; fileEncoding = 4; lastKnownFileType = sourcecode.swift; path = TamanoPicker.swift; sourceTree = "<group>"; };
		81EF12AB1BFD926300321BB8 /* icon_aceitunas.png */ = {isa = PBXFileReference; lastKnownFileType = image.png; path = icon_aceitunas.png; sourceTree = "<group>"; };
		81EF12AC1BFD926300321BB8 /* icon_cebolla.png */ = {isa = PBXFileReference; lastKnownFileType = image.png; path = icon_cebolla.png; sourceTree = "<group>"; };
		81EF12AD1BFD926300321BB8 /* icon_jamon.png */ = {isa = PBXFileReference; lastKnownFileType = image.png; path = icon_jamon.png; sourceTree = "<group>"; };
		81EF12AE1BFD926300321BB8 /* icon_pavo.png */ = {isa = PBXFileReference; lastKnownFileType = image.png; path = icon_pavo.png; sourceTree = "<group>"; };
		81EF12AF1BFD926300321BB8 /* icon_salchicha.png */ = {isa = PBXFileReference; lastKnownFileType = image.png; path = icon_salchicha.png; sourceTree = "<group>"; };
		81EF12B01BFD926300321BB8 /* icon-peperoni.png */ = {isa = PBXFileReference; lastKnownFileType = image.png; path = "icon-peperoni.png"; sourceTree = "<group>"; };
/* End PBXFileReference section */

/* Begin PBXFrameworksBuildPhase section */
		81E051A41BE9B34A00255155 /* Frameworks */ = {
			isa = PBXFrameworksBuildPhase;
			buildActionMask = 2147483647;
			files = (
			);
			runOnlyForDeploymentPostprocessing = 0;
		};
		81E051BA1BE9B34A00255155 /* Frameworks */ = {
			isa = PBXFrameworksBuildPhase;
			buildActionMask = 2147483647;
			files = (
			);
			runOnlyForDeploymentPostprocessing = 0;
		};
		81E051C51BE9B34A00255155 /* Frameworks */ = {
			isa = PBXFrameworksBuildPhase;
			buildActionMask = 2147483647;
			files = (
			);
			runOnlyForDeploymentPostprocessing = 0;
		};
		81EF12881BFB763400321BB8 /* Frameworks */ = {
			isa = PBXFrameworksBuildPhase;
			buildActionMask = 2147483647;
			files = (
			);
			runOnlyForDeploymentPostprocessing = 0;
		};
/* End PBXFrameworksBuildPhase section */

/* Begin PBXGroup section */
		8102DAFE1BF00FE700E1AE3C /* Ingredientes */ = {
			isa = PBXGroup;
			children = (
				81EF122C1BFA463A00321BB8 /* imagenesOn.png */,
				81EF122D1BFA463A00321BB8 /* imagenesOnOff.png */,
				81EF120A1BF99C2A00321BB8 /* img_aceitunas.png */,
				81EF120B1BF99C2A00321BB8 /* img_cebolla.png */,
				81EF120C1BF99C2A00321BB8 /* img_jamon.png */,
				81EF120D1BF99C2A00321BB8 /* img_pavo.png */,
				81EF120E1BF99C2A00321BB8 /* img_peperoni.png */,
				81EF120F1BF99C2A00321BB8 /* img_salchicha.png */,
			);
			name = Ingredientes;
			sourceTree = "<group>";
		};
		8102DAFF1BF0100B00E1AE3C /* Tamanos */ = {
			isa = PBXGroup;
			children = (
				81552D251BE9D688003AE02F /* imgGrande.png */,
				81552D261BE9D688003AE02F /* imgMediano.png */,
				81552D271BE9D688003AE02F /* imgChico.png */,
			);
			name = Tamanos;
			sourceTree = "<group>";
		};
		8102DB001BF0102E00E1AE3C /* Masa */ = {
			isa = PBXGroup;
			children = (
				81EF11FE1BF98F6100321BB8 /* masaCrujiente.png */,
				81EF11F91BF98E2E00321BB8 /* masaDelgada.png */,
				81EF11FA1BF98E2E00321BB8 /* masaGruesa.png */,
			);
			name = Masa;
			sourceTree = "<group>";
		};
		8102DB011BF0104100E1AE3C /* Queso */ = {
			isa = PBXGroup;
			children = (
				81EF12001BF9934F00321BB8 /* img_cheddar.png */,
				81EF12011BF9934F00321BB8 /* img_mozzarela.png */,
				81EF12061BF9943B00321BB8 /* img_sinQueso.png */,
				81EF12021BF9934F00321BB8 /* img_parmesano.png */,
			);
			name = Queso;
			sourceTree = "<group>";
		};
		81552D241BE9D64A003AE02F /* images */ = {
			isa = PBXGroup;
			children = (
				81EF12AA1BFD924E00321BB8 /* icon_ingredientes */,
				81EF12281BFA1A8500321BB8 /* tamano_fondo.png */,
				81EF12291BFA1A8500321BB8 /* tamano_masa.png */,
				81EF12181BF9A22D00321BB8 /* fondoConformacion.png */,
				81EF11F21BF983F800321BB8 /* base_madera.png */,
				81EF12081BF9964500321BB8 /* fondo_Ingredientes.png */,
				81EF121A1BF9A2B700321BB8 /* cocinarButton.png */,
				81EF11F01BF97E2500321BB8 /* inicio.png */,
				81EF11EC1BF97CD000321BB8 /* buttonComenzar.png */,
				8102DB011BF0104100E1AE3C /* Queso */,
				8102DB001BF0102E00E1AE3C /* Masa */,
				8102DAFF1BF0100B00E1AE3C /* Tamanos */,
				8102DAFE1BF00FE700E1AE3C /* Ingredientes */,
			);
			name = images;
			sourceTree = "<group>";
		};
		81E0519E1BE9B34A00255155 = {
			isa = PBXGroup;
			children = (
				81E051A91BE9B34A00255155 /* Mi_pizza */,
				81E051C01BE9B34A00255155 /* Mi_pizzaTests */,
				81E051CB1BE9B34A00255155 /* Mi_pizzaUITests */,
				81EF12801BFB763400321BB8 /* miPizzaWatchOS */,
				81EF128F1BFB763400321BB8 /* miPizzaWatchOS Extension */,
				81E051A81BE9B34A00255155 /* Products */,
			);
			sourceTree = "<group>";
		};
		81E051A81BE9B34A00255155 /* Products */ = {
			isa = PBXGroup;
			children = (
				81E051A71BE9B34A00255155 /* Mi_pizza.app */,
				81E051BD1BE9B34A00255155 /* Mi_pizzaTests.xctest */,
				81E051C81BE9B34A00255155 /* Mi_pizzaUITests.xctest */,
				81EF127F1BFB763400321BB8 /* miPizzaWatchOS.app */,
				81EF128B1BFB763400321BB8 /* miPizzaWatchOS Extension.appex */,
			);
			name = Products;
			sourceTree = "<group>";
		};
		81E051A91BE9B34A00255155 /* Mi_pizza */ = {
			isa = PBXGroup;
			children = (
				81E051AA1BE9B34A00255155 /* AppDelegate.swift */,
				81552D1C1BE9D098003AE02F /* InicioViewController.swift */,
				81E051AC1BE9B34A00255155 /* TamanoViewController.swift */,
				81E051AE1BE9B34A00255155 /* MasaViewController.swift */,
				81E051DA1BE9BD1500255155 /* QuesoViewController.swift */,
				81552D1E1BE9D0F7003AE02F /* IngredientesViewController.swift */,
				81552D201BE9D145003AE02F /* ConfirmacionViewController.swift */,
				81552D221BE9D173003AE02F /* ResultadoViewController.swift */,
				81E051B01BE9B34A00255155 /* Main.storyboard */,
				81E051B31BE9B34A00255155 /* Assets.xcassets */,
				81552D241BE9D64A003AE02F /* images */,
				81E051B51BE9B34A00255155 /* LaunchScreen.storyboard */,
				81E051B81BE9B34A00255155 /* Info.plist */,
			);
			path = Mi_pizza;
			sourceTree = "<group>";
		};
		81E051C01BE9B34A00255155 /* Mi_pizzaTests */ = {
			isa = PBXGroup;
			children = (
				81E051C11BE9B34A00255155 /* Mi_pizzaTests.swift */,
				81E051C31BE9B34A00255155 /* Info.plist */,
			);
			path = Mi_pizzaTests;
			sourceTree = "<group>";
		};
		81E051CB1BE9B34A00255155 /* Mi_pizzaUITests */ = {
			isa = PBXGroup;
			children = (
				81E051CC1BE9B34A00255155 /* Mi_pizzaUITests.swift */,
				81E051CE1BE9B34A00255155 /* Info.plist */,
			);
			path = Mi_pizzaUITests;
			sourceTree = "<group>";
		};
		81EF12801BFB763400321BB8 /* miPizzaWatchOS */ = {
			isa = PBXGroup;
			children = (
				81EF12811BFB763400321BB8 /* Interface.storyboard */,
				81EF12841BFB763400321BB8 /* Assets.xcassets */,
				81EF12861BFB763400321BB8 /* Info.plist */,
			);
			path = miPizzaWatchOS;
			sourceTree = "<group>";
		};
		81EF128F1BFB763400321BB8 /* miPizzaWatchOS Extension */ = {
			isa = PBXGroup;
			children = (
				81EF12921BFB763400321BB8 /* TamanoPizza.swift */,
				81EF12941BFB763400321BB8 /* ExtensionDelegate.swift */,
				81EF12961BFB763400321BB8 /* NotificationController.swift */,
				81EF12981BFB763400321BB8 /* Assets.xcassets */,
				81EF129A1BFB763400321BB8 /* Info.plist */,
				81EF12901BFB763400321BB8 /* Supporting Files */,
				81EF12A61BFD77A300321BB8 /* TamanoPicker.swift */,
			);
			path = "miPizzaWatchOS Extension";
			sourceTree = "<group>";
		};
		81EF12901BFB763400321BB8 /* Supporting Files */ = {
			isa = PBXGroup;
			children = (
				81EF12911BFB763400321BB8 /* PushNotificationPayload.apns */,
			);
			name = "Supporting Files";
			sourceTree = "<group>";
		};
		81EF12AA1BFD924E00321BB8 /* icon_ingredientes */ = {
			isa = PBXGroup;
			children = (
				81EF12AB1BFD926300321BB8 /* icon_aceitunas.png */,
				81EF12AC1BFD926300321BB8 /* icon_cebolla.png */,
				81EF12AD1BFD926300321BB8 /* icon_jamon.png */,
				81EF12AE1BFD926300321BB8 /* icon_pavo.png */,
				81EF12AF1BFD926300321BB8 /* icon_salchicha.png */,
				81EF12B01BFD926300321BB8 /* icon-peperoni.png */,
			);
			name = icon_ingredientes;
			sourceTree = "<group>";
		};
/* End PBXGroup section */

/* Begin PBXNativeTarget section */
		81E051A61BE9B34A00255155 /* Mi_pizza */ = {
			isa = PBXNativeTarget;
			buildConfigurationList = 81E051D11BE9B34A00255155 /* Build configuration list for PBXNativeTarget "Mi_pizza" */;
			buildPhases = (
				81E051A31BE9B34A00255155 /* Sources */,
				81E051A41BE9B34A00255155 /* Frameworks */,
				81E051A51BE9B34A00255155 /* Resources */,
				81EF12A51BFB763400321BB8 /* Embed Watch Content */,
			);
			buildRules = (
			);
			dependencies = (
				81EF129C1BFB763400321BB8 /* PBXTargetDependency */,
			);
			name = Mi_pizza;
			productName = Mi_pizza;
			productReference = 81E051A71BE9B34A00255155 /* Mi_pizza.app */;
			productType = "com.apple.product-type.application";
		};
		81E051BC1BE9B34A00255155 /* Mi_pizzaTests */ = {
			isa = PBXNativeTarget;
			buildConfigurationList = 81E051D41BE9B34A00255155 /* Build configuration list for PBXNativeTarget "Mi_pizzaTests" */;
			buildPhases = (
				81E051B91BE9B34A00255155 /* Sources */,
				81E051BA1BE9B34A00255155 /* Frameworks */,
				81E051BB1BE9B34A00255155 /* Resources */,
			);
			buildRules = (
			);
			dependencies = (
				81E051BF1BE9B34A00255155 /* PBXTargetDependency */,
			);
			name = Mi_pizzaTests;
			productName = Mi_pizzaTests;
			productReference = 81E051BD1BE9B34A00255155 /* Mi_pizzaTests.xctest */;
			productType = "com.apple.product-type.bundle.unit-test";
		};
		81E051C71BE9B34A00255155 /* Mi_pizzaUITests */ = {
			isa = PBXNativeTarget;
			buildConfigurationList = 81E051D71BE9B34A00255155 /* Build configuration list for PBXNativeTarget "Mi_pizzaUITests" */;
			buildPhases = (
				81E051C41BE9B34A00255155 /* Sources */,
				81E051C51BE9B34A00255155 /* Frameworks */,
				81E051C61BE9B34A00255155 /* Resources */,
			);
			buildRules = (
			);
			dependencies = (
				81E051CA1BE9B34A00255155 /* PBXTargetDependency */,
			);
			name = Mi_pizzaUITests;
			productName = Mi_pizzaUITests;
			productReference = 81E051C81BE9B34A00255155 /* Mi_pizzaUITests.xctest */;
			productType = "com.apple.product-type.bundle.ui-testing";
		};
		81EF127E1BFB763400321BB8 /* miPizzaWatchOS */ = {
			isa = PBXNativeTarget;
			buildConfigurationList = 81EF12A41BFB763400321BB8 /* Build configuration list for PBXNativeTarget "miPizzaWatchOS" */;
			buildPhases = (
				81EF127D1BFB763400321BB8 /* Resources */,
				81EF12A31BFB763400321BB8 /* Embed App Extensions */,
			);
			buildRules = (
			);
			dependencies = (
				81EF128E1BFB763400321BB8 /* PBXTargetDependency */,
			);
			name = miPizzaWatchOS;
			productName = miPizzaWatchOS;
			productReference = 81EF127F1BFB763400321BB8 /* miPizzaWatchOS.app */;
			productType = "com.apple.product-type.application.watchapp2";
		};
		81EF128A1BFB763400321BB8 /* miPizzaWatchOS Extension */ = {
			isa = PBXNativeTarget;
			buildConfigurationList = 81EF12A21BFB763400321BB8 /* Build configuration list for PBXNativeTarget "miPizzaWatchOS Extension" */;
			buildPhases = (
				81EF12871BFB763400321BB8 /* Sources */,
				81EF12881BFB763400321BB8 /* Frameworks */,
				81EF12891BFB763400321BB8 /* Resources */,
			);
			buildRules = (
			);
			dependencies = (
			);
			name = "miPizzaWatchOS Extension";
			productName = "miPizzaWatchOS Extension";
			productReference = 81EF128B1BFB763400321BB8 /* miPizzaWatchOS Extension.appex */;
			productType = "com.apple.product-type.watchkit2-extension";
		};
/* End PBXNativeTarget section */

/* Begin PBXProject section */
		81E0519F1BE9B34A00255155 /* Project object */ = {
			isa = PBXProject;
			attributes = {
				LastSwiftUpdateCheck = 0710;
				LastUpgradeCheck = 0710;
				ORGANIZATIONNAME = Trenx;
				TargetAttributes = {
					81E051A61BE9B34A00255155 = {
						CreatedOnToolsVersion = 7.1;
						DevelopmentTeam = NUT7SFZWGF;
					};
					81E051BC1BE9B34A00255155 = {
						CreatedOnToolsVersion = 7.1;
						DevelopmentTeam = NUT7SFZWGF;
						TestTargetID = 81E051A61BE9B34A00255155;
					};
					81E051C71BE9B34A00255155 = {
						CreatedOnToolsVersion = 7.1;
						DevelopmentTeam = NUT7SFZWGF;
						TestTargetID = 81E051A61BE9B34A00255155;
					};
					81EF127E1BFB763400321BB8 = {
						CreatedOnToolsVersion = 7.1;
						DevelopmentTeam = NUT7SFZWGF;
					};
					81EF128A1BFB763400321BB8 = {
						CreatedOnToolsVersion = 7.1;
						DevelopmentTeam = NUT7SFZWGF;
					};
				};
			};
			buildConfigurationList = 81E051A21BE9B34A00255155 /* Build configuration list for PBXProject "Mi_pizza" */;
			compatibilityVersion = "Xcode 3.2";
			developmentRegion = English;
			hasScannedForEncodings = 0;
			knownRegions = (
				en,
				Base,
			);
			mainGroup = 81E0519E1BE9B34A00255155;
			productRefGroup = 81E051A81BE9B34A00255155 /* Products */;
			projectDirPath = "";
			projectRoot = "";
			targets = (
				81E051A61BE9B34A00255155 /* Mi_pizza */,
				81E051BC1BE9B34A00255155 /* Mi_pizzaTests */,
				81E051C71BE9B34A00255155 /* Mi_pizzaUITests */,
				81EF127E1BFB763400321BB8 /* miPizzaWatchOS */,
				81EF128A1BFB763400321BB8 /* miPizzaWatchOS Extension */,
			);
		};
/* End PBXProject section */

/* Begin PBXResourcesBuildPhase section */
		81E051A51BE9B34A00255155 /* Resources */ = {
			isa = PBXResourcesBuildPhase;
			buildActionMask = 2147483647;
			files = (
				81E051B71BE9B34A00255155 /* LaunchScreen.storyboard in Resources */,
				81EF12101BF99C2A00321BB8 /* img_aceitunas.png in Resources */,
				81EF12091BF9964500321BB8 /* fondo_Ingredientes.png in Resources */,
				81EF12B21BFD926300321BB8 /* icon_cebolla.png in Resources */,
				81E051B41BE9B34A00255155 /* Assets.xcassets in Resources */,
				81EF12151BF99C2A00321BB8 /* img_salchicha.png in Resources */,
				81EF12031BF9934F00321BB8 /* img_cheddar.png in Resources */,
				81EF122A1BFA1A8500321BB8 /* tamano_fondo.png in Resources */,
				81EF12B41BFD926300321BB8 /* icon_pavo.png in Resources */,
				81EF122E1BFA463A00321BB8 /* imagenesOn.png in Resources */,
				81EF12071BF9943B00321BB8 /* img_sinQueso.png in Resources */,
				81552D2A1BE9D688003AE02F /* imgChico.png in Resources */,
				81EF11F11BF97E2500321BB8 /* inicio.png in Resources */,
				81552D281BE9D688003AE02F /* imgGrande.png in Resources */,
				81EF12B11BFD926300321BB8 /* icon_aceitunas.png in Resources */,
				81EF122F1BFA463A00321BB8 /* imagenesOnOff.png in Resources */,
				81EF12141BF99C2A00321BB8 /* img_peperoni.png in Resources */,
				81552D291BE9D688003AE02F /* imgMediano.png in Resources */,
				81EF11ED1BF97CD000321BB8 /* buttonComenzar.png in Resources */,
				81EF12191BF9A22D00321BB8 /* fondoConformacion.png in Resources */,
				81EF12041BF9934F00321BB8 /* img_mozzarela.png in Resources */,
				81EF11FC1BF98E2E00321BB8 /* masaDelgada.png in Resources */,
				81EF11FD1BF98E2E00321BB8 /* masaGruesa.png in Resources */,
				81EF11F31BF983F800321BB8 /* base_madera.png in Resources */,
				81EF12111BF99C2A00321BB8 /* img_cebolla.png in Resources */,
				81EF12121BF99C2A00321BB8 /* img_jamon.png in Resources */,
				81EF12131BF99C2A00321BB8 /* img_pavo.png in Resources */,
				81EF12B51BFD926300321BB8 /* icon_salchicha.png in Resources */,
				81EF12051BF9934F00321BB8 /* img_parmesano.png in Resources */,
				81E051B21BE9B34A00255155 /* Main.storyboard in Resources */,
				81EF121B1BF9A2B700321BB8 /* cocinarButton.png in Resources */,
				81EF12B61BFD926300321BB8 /* icon-peperoni.png in Resources */,
				81EF122B1BFA1A8500321BB8 /* tamano_masa.png in Resources */,
				81EF12B31BFD926300321BB8 /* icon_jamon.png in Resources */,
				81EF11FF1BF98F6100321BB8 /* masaCrujiente.png in Resources */,
			);
			runOnlyForDeploymentPostprocessing = 0;
		};
		81E051BB1BE9B34A00255155 /* Resources */ = {
			isa = PBXResourcesBuildPhase;
			buildActionMask = 2147483647;
			files = (
			);
			runOnlyForDeploymentPostprocessing = 0;
		};
		81E051C61BE9B34A00255155 /* Resources */ = {
			isa = PBXResourcesBuildPhase;
			buildActionMask = 2147483647;
			files = (
			);
			runOnlyForDeploymentPostprocessing = 0;
		};
		81EF127D1BFB763400321BB8 /* Resources */ = {
			isa = PBXResourcesBuildPhase;
			buildActionMask = 2147483647;
			files = (
				81EF12851BFB763400321BB8 /* Assets.xcassets in Resources */,
				81EF12831BFB763400321BB8 /* Interface.storyboard in Resources */,
			);
			runOnlyForDeploymentPostprocessing = 0;
		};
		81EF12891BFB763400321BB8 /* Resources */ = {
			isa = PBXResourcesBuildPhase;
			buildActionMask = 2147483647;
			files = (
				81EF12991BFB763400321BB8 /* Assets.xcassets in Resources */,
			);
			runOnlyForDeploymentPostprocessing = 0;
		};
/* End PBXResourcesBuildPhase section */

/* Begin PBXSourcesBuildPhase section */
		81E051A31BE9B34A00255155 /* Sources */ = {
			isa = PBXSourcesBuildPhase;
			buildActionMask = 2147483647;
			files = (
				81552D1F1BE9D0F7003AE02F /* IngredientesViewController.swift in Sources */,
				81E051AF1BE9B34A00255155 /* MasaViewController.swift in Sources */,
				81552D231BE9D173003AE02F /* ResultadoViewController.swift in Sources */,
				81552D211BE9D145003AE02F /* ConfirmacionViewController.swift in Sources */,
				81E051AB1BE9B34A00255155 /* AppDelegate.swift in Sources */,
				81E051DB1BE9BD1500255155 /* QuesoViewController.swift in Sources */,
				81552D1D1BE9D098003AE02F /* InicioViewController.swift in Sources */,
				81E051AD1BE9B34A00255155 /* TamanoViewController.swift in Sources */,
			);
			runOnlyForDeploymentPostprocessing = 0;
		};
		81E051B91BE9B34A00255155 /* Sources */ = {
			isa = PBXSourcesBuildPhase;
			buildActionMask = 2147483647;
			files = (
				81E051C21BE9B34A00255155 /* Mi_pizzaTests.swift in Sources */,
			);
			runOnlyForDeploymentPostprocessing = 0;
		};
		81E051C41BE9B34A00255155 /* Sources */ = {
			isa = PBXSourcesBuildPhase;
			buildActionMask = 2147483647;
			files = (
				81E051CD1BE9B34A00255155 /* Mi_pizzaUITests.swift in Sources */,
			);
			runOnlyForDeploymentPostprocessing = 0;
		};
		81EF12871BFB763400321BB8 /* Sources */ = {
			isa = PBXSourcesBuildPhase;
			buildActionMask = 2147483647;
			files = (
				81EF12971BFB763400321BB8 /* NotificationController.swift in Sources */,
				81EF12951BFB763400321BB8 /* ExtensionDelegate.swift in Sources */,
				81EF12931BFB763400321BB8 /* TamanoPizza.swift in Sources */,
				81EF12A71BFD77A300321BB8 /* TamanoPicker.swift in Sources */,
			);
			runOnlyForDeploymentPostprocessing = 0;
		};
/* End PBXSourcesBuildPhase section */

/* Begin PBXTargetDependency section */
		81E051BF1BE9B34A00255155 /* PBXTargetDependency */ = {
			isa = PBXTargetDependency;
			target = 81E051A61BE9B34A00255155 /* Mi_pizza */;
			targetProxy = 81E051BE1BE9B34A00255155 /* PBXContainerItemProxy */;
		};
		81E051CA1BE9B34A00255155 /* PBXTargetDependency */ = {
			isa = PBXTargetDependency;
			target = 81E051A61BE9B34A00255155 /* Mi_pizza */;
			targetProxy = 81E051C91BE9B34A00255155 /* PBXContainerItemProxy */;
		};
		81EF128E1BFB763400321BB8 /* PBXTargetDependency */ = {
			isa = PBXTargetDependency;
			target = 81EF128A1BFB763400321BB8 /* miPizzaWatchOS Extension */;
			targetProxy = 81EF128D1BFB763400321BB8 /* PBXContainerItemProxy */;
		};
		81EF129C1BFB763400321BB8 /* PBXTargetDependency */ = {
			isa = PBXTargetDependency;
			target = 81EF127E1BFB763400321BB8 /* miPizzaWatchOS */;
			targetProxy = 81EF129B1BFB763400321BB8 /* PBXContainerItemProxy */;
		};
/* End PBXTargetDependency section */

/* Begin PBXVariantGroup section */
		81E051B01BE9B34A00255155 /* Main.storyboard */ = {
			isa = PBXVariantGroup;
			children = (
				81E051B11BE9B34A00255155 /* Base */,
			);
			name = Main.storyboard;
			sourceTree = "<group>";
		};
		81E051B51BE9B34A00255155 /* LaunchScreen.storyboard */ = {
			isa = PBXVariantGroup;
			children = (
				81E051B61BE9B34A00255155 /* Base */,
			);
			name = LaunchScreen.storyboard;
			sourceTree = "<group>";
		};
		81EF12811BFB763400321BB8 /* Interface.storyboard */ = {
			isa = PBXVariantGroup;
			children = (
				81EF12821BFB763400321BB8 /* Base */,
			);
			name = Interface.storyboard;
			sourceTree = "<group>";
		};
/* End PBXVariantGroup section */

/* Begin XCBuildConfiguration section */
		81E051CF1BE9B34A00255155 /* Debug */ = {
			isa = XCBuildConfiguration;
			buildSettings = {
				ALWAYS_SEARCH_USER_PATHS = NO;
				CLANG_CXX_LANGUAGE_STANDARD = "gnu++0x";
				CLANG_CXX_LIBRARY = "libc++";
				CLANG_ENABLE_MODULES = YES;
				CLANG_ENABLE_OBJC_ARC = YES;
				CLANG_WARN_BOOL_CONVERSION = YES;
				CLANG_WARN_CONSTANT_CONVERSION = YES;
				CLANG_WARN_DIRECT_OBJC_ISA_USAGE = YES_ERROR;
				CLANG_WARN_EMPTY_BODY = YES;
				CLANG_WARN_ENUM_CONVERSION = YES;
				CLANG_WARN_INT_CONVERSION = YES;
				CLANG_WARN_OBJC_ROOT_CLASS = YES_ERROR;
				CLANG_WARN_UNREACHABLE_CODE = YES;
				CLANG_WARN__DUPLICATE_METHOD_MATCH = YES;
				"CODE_SIGN_IDENTITY[sdk=iphoneos*]" = "iPhone Developer";
				COPY_PHASE_STRIP = NO;
				DEBUG_INFORMATION_FORMAT = dwarf;
				ENABLE_STRICT_OBJC_MSGSEND = YES;
				ENABLE_TESTABILITY = YES;
				GCC_C_LANGUAGE_STANDARD = gnu99;
				GCC_DYNAMIC_NO_PIC = NO;
				GCC_NO_COMMON_BLOCKS = YES;
				GCC_OPTIMIZATION_LEVEL = 0;
				GCC_PREPROCESSOR_DEFINITIONS = (
					"DEBUG=1",
					"$(inherited)",
				);
				GCC_WARN_64_TO_32_BIT_CONVERSION = YES;
				GCC_WARN_ABOUT_RETURN_TYPE = YES_ERROR;
				GCC_WARN_UNDECLARED_SELECTOR = YES;
				GCC_WARN_UNINITIALIZED_AUTOS = YES_AGGRESSIVE;
				GCC_WARN_UNUSED_FUNCTION = YES;
				GCC_WARN_UNUSED_VARIABLE = YES;
				IPHONEOS_DEPLOYMENT_TARGET = 9.1;
				MTL_ENABLE_DEBUG_INFO = YES;
				ONLY_ACTIVE_ARCH = YES;
				SDKROOT = iphoneos;
				SWIFT_OPTIMIZATION_LEVEL = "-Onone";
				TARGETED_DEVICE_FAMILY = "1,2";
			};
			name = Debug;
		};
		81E051D01BE9B34A00255155 /* Release */ = {
			isa = XCBuildConfiguration;
			buildSettings = {
				ALWAYS_SEARCH_USER_PATHS = NO;
				CLANG_CXX_LANGUAGE_STANDARD = "gnu++0x";
				CLANG_CXX_LIBRARY = "libc++";
				CLANG_ENABLE_MODULES = YES;
				CLANG_ENABLE_OBJC_ARC = YES;
				CLANG_WARN_BOOL_CONVERSION = YES;
				CLANG_WARN_CONSTANT_CONVERSION = YES;
				CLANG_WARN_DIRECT_OBJC_ISA_USAGE = YES_ERROR;
				CLANG_WARN_EMPTY_BODY = YES;
				CLANG_WARN_ENUM_CONVERSION = YES;
				CLANG_WARN_INT_CONVERSION = YES;
				CLANG_WARN_OBJC_ROOT_CLASS = YES_ERROR;
				CLANG_WARN_UNREACHABLE_CODE = YES;
				CLANG_WARN__DUPLICATE_METHOD_MATCH = YES;
				"CODE_SIGN_IDENTITY[sdk=iphoneos*]" = "iPhone Developer";
				COPY_PHASE_STRIP = NO;
				DEBUG_INFORMATION_FORMAT = "dwarf-with-dsym";
				ENABLE_NS_ASSERTIONS = NO;
				ENABLE_STRICT_OBJC_MSGSEND = YES;
				GCC_C_LANGUAGE_STANDARD = gnu99;
				GCC_NO_COMMON_BLOCKS = YES;
				GCC_WARN_64_TO_32_BIT_CONVERSION = YES;
				GCC_WARN_ABOUT_RETURN_TYPE = YES_ERROR;
				GCC_WARN_UNDECLARED_SELECTOR = YES;
				GCC_WARN_UNINITIALIZED_AUTOS = YES_AGGRESSIVE;
				GCC_WARN_UNUSED_FUNCTION = YES;
				GCC_WARN_UNUSED_VARIABLE = YES;
				IPHONEOS_DEPLOYMENT_TARGET = 9.1;
				MTL_ENABLE_DEBUG_INFO = NO;
				SDKROOT = iphoneos;
				TARGETED_DEVICE_FAMILY = "1,2";
				VALIDATE_PRODUCT = YES;
			};
			name = Release;
		};
		81E051D21BE9B34A00255155 /* Debug */ = {
			isa = XCBuildConfiguration;
			buildSettings = {
				ASSETCATALOG_COMPILER_APPICON_NAME = AppIcon;
				CODE_SIGN_IDENTITY = "iPhone Developer";
				INFOPLIST_FILE = Mi_pizza/Info.plist;
				IPHONEOS_DEPLOYMENT_TARGET = 9.1;
				LD_RUNPATH_SEARCH_PATHS = "$(inherited) @executable_path/Frameworks";
				PRODUCT_BUNDLE_IDENTIFIER = "Trenx.Mi-pizza";
				PRODUCT_NAME = "$(TARGET_NAME)";
				TARGETED_DEVICE_FAMILY = 1;
			};
			name = Debug;
		};
		81E051D31BE9B34A00255155 /* Release */ = {
			isa = XCBuildConfiguration;
			buildSettings = {
				ASSETCATALOG_COMPILER_APPICON_NAME = AppIcon;
				CODE_SIGN_IDENTITY = "iPhone Developer";
				INFOPLIST_FILE = Mi_pizza/Info.plist;
				IPHONEOS_DEPLOYMENT_TARGET = 9.1;
				LD_RUNPATH_SEARCH_PATHS = "$(inherited) @executable_path/Frameworks";
				PRODUCT_BUNDLE_IDENTIFIER = "Trenx.Mi-pizza";
				PRODUCT_NAME = "$(TARGET_NAME)";
				TARGETED_DEVICE_FAMILY = 1;
			};
			name = Release;
		};
		81E051D51BE9B34A00255155 /* Debug */ = {
			isa = XCBuildConfiguration;
			buildSettings = {
				BUNDLE_LOADER = "$(TEST_HOST)";
				INFOPLIST_FILE = Mi_pizzaTests/Info.plist;
				LD_RUNPATH_SEARCH_PATHS = "$(inherited) @executable_path/Frameworks @loader_path/Frameworks";
				PRODUCT_BUNDLE_IDENTIFIER = "Trenx.Mi-pizzaTests";
				PRODUCT_NAME = "$(TARGET_NAME)";
				TEST_HOST = "$(BUILT_PRODUCTS_DIR)/Mi_pizza.app/Mi_pizza";
			};
			name = Debug;
		};
		81E051D61BE9B34A00255155 /* Release */ = {
			isa = XCBuildConfiguration;
			buildSettings = {
				BUNDLE_LOADER = "$(TEST_HOST)";
				INFOPLIST_FILE = Mi_pizzaTests/Info.plist;
				LD_RUNPATH_SEARCH_PATHS = "$(inherited) @executable_path/Frameworks @loader_path/Frameworks";
				PRODUCT_BUNDLE_IDENTIFIER = "Trenx.Mi-pizzaTests";
				PRODUCT_NAME = "$(TARGET_NAME)";
				TEST_HOST = "$(BUILT_PRODUCTS_DIR)/Mi_pizza.app/Mi_pizza";
			};
			name = Release;
		};
		81E051D81BE9B34A00255155 /* Debug */ = {
			isa = XCBuildConfiguration;
			buildSettings = {
				INFOPLIST_FILE = Mi_pizzaUITests/Info.plist;
				LD_RUNPATH_SEARCH_PATHS = "$(inherited) @executable_path/Frameworks @loader_path/Frameworks";
				PRODUCT_BUNDLE_IDENTIFIER = "Trenx.Mi-pizzaUITests";
				PRODUCT_NAME = "$(TARGET_NAME)";
				TEST_TARGET_NAME = Mi_pizza;
				USES_XCTRUNNER = YES;
			};
			name = Debug;
		};
		81E051D91BE9B34A00255155 /* Release */ = {
			isa = XCBuildConfiguration;
			buildSettings = {
				INFOPLIST_FILE = Mi_pizzaUITests/Info.plist;
				LD_RUNPATH_SEARCH_PATHS = "$(inherited) @executable_path/Frameworks @loader_path/Frameworks";
				PRODUCT_BUNDLE_IDENTIFIER = "Trenx.Mi-pizzaUITests";
				PRODUCT_NAME = "$(TARGET_NAME)";
				TEST_TARGET_NAME = Mi_pizza;
				USES_XCTRUNNER = YES;
			};
			name = Release;
		};
		81EF129E1BFB763400321BB8 /* Debug */ = {
			isa = XCBuildConfiguration;
			buildSettings = {
				ASSETCATALOG_COMPILER_APPICON_NAME = AppIcon;
				EMBEDDED_CONTENT_CONTAINS_SWIFT = YES;
				IBSC_MODULE = miPizzaWatchOS_Extension;
				INFOPLIST_FILE = miPizzaWatchOS/Info.plist;
				PRODUCT_BUNDLE_IDENTIFIER = "Trenx.Mi-pizza.watchkitapp";
				PRODUCT_NAME = "$(TARGET_NAME)";
				SDKROOT = watchos;
				SKIP_INSTALL = YES;
				TARGETED_DEVICE_FAMILY = 4;
				WATCHOS_DEPLOYMENT_TARGET = 2.0;
			};
			name = Debug;
		};
		81EF129F1BFB763400321BB8 /* Release */ = {
			isa = XCBuildConfiguration;
			buildSettings = {
				ASSETCATALOG_COMPILER_APPICON_NAME = AppIcon;
				EMBEDDED_CONTENT_CONTAINS_SWIFT = YES;
				IBSC_MODULE = miPizzaWatchOS_Extension;
				INFOPLIST_FILE = miPizzaWatchOS/Info.plist;
				PRODUCT_BUNDLE_IDENTIFIER = "Trenx.Mi-pizza.watchkitapp";
				PRODUCT_NAME = "$(TARGET_NAME)";
				SDKROOT = watchos;
				SKIP_INSTALL = YES;
				TARGETED_DEVICE_FAMILY = 4;
				WATCHOS_DEPLOYMENT_TARGET = 2.0;
			};
			name = Release;
		};
		81EF12A01BFB763400321BB8 /* Debug */ = {
			isa = XCBuildConfiguration;
			buildSettings = {
				INFOPLIST_FILE = "miPizzaWatchOS Extension/Info.plist";
				LD_RUNPATH_SEARCH_PATHS = "$(inherited) @executable_path/Frameworks @executable_path/../../Frameworks";
				PRODUCT_BUNDLE_IDENTIFIER = "Trenx.Mi-pizza.watchkitapp.watchkitextension";
				PRODUCT_NAME = "${TARGET_NAME}";
				SDKROOT = watchos;
				SKIP_INSTALL = YES;
				TARGETED_DEVICE_FAMILY = 4;
				WATCHOS_DEPLOYMENT_TARGET = 2.0;
			};
			name = Debug;
		};
		81EF12A11BFB763400321BB8 /* Release */ = {
			isa = XCBuildConfiguration;
			buildSettings = {
				INFOPLIST_FILE = "miPizzaWatchOS Extension/Info.plist";
				LD_RUNPATH_SEARCH_PATHS = "$(inherited) @executable_path/Frameworks @executable_path/../../Frameworks";
				PRODUCT_BUNDLE_IDENTIFIER = "Trenx.Mi-pizza.watchkitapp.watchkitextension";
				PRODUCT_NAME = "${TARGET_NAME}";
				SDKROOT = watchos;
				SKIP_INSTALL = YES;
				TARGETED_DEVICE_FAMILY = 4;
				WATCHOS_DEPLOYMENT_TARGET = 2.0;
			};
			name = Release;
		};
/* End XCBuildConfiguration section */

/* Begin XCConfigurationList section */
		81E051A21BE9B34A00255155 /* Build configuration list for PBXProject "Mi_pizza" */ = {
			isa = XCConfigurationList;
			buildConfigurations = (
				81E051CF1BE9B34A00255155 /* Debug */,
				81E051D01BE9B34A00255155 /* Release */,
			);
			defaultConfigurationIsVisible = 0;
			defaultConfigurationName = Release;
		};
		81E051D11BE9B34A00255155 /* Build configuration list for PBXNativeTarget "Mi_pizza" */ = {
			isa = XCConfigurationList;
			buildConfigurations = (
				81E051D21BE9B34A00255155 /* Debug */,
				81E051D31BE9B34A00255155 /* Release */,
			);
			defaultConfigurationIsVisible = 0;
			defaultConfigurationName = Release;
		};
		81E051D41BE9B34A00255155 /* Build configuration list for PBXNativeTarget "Mi_pizzaTests" */ = {
			isa = XCConfigurationList;
			buildConfigurations = (
				81E051D51BE9B34A00255155 /* Debug */,
				81E051D61BE9B34A00255155 /* Release */,
			);
			defaultConfigurationIsVisible = 0;
			defaultConfigurationName = Release;
		};
		81E051D71BE9B34A00255155 /* Build configuration list for PBXNativeTarget "Mi_pizzaUITests" */ = {
			isa = XCConfigurationList;
			buildConfigurations = (
				81E051D81BE9B34A00255155 /* Debug */,
				81E051D91BE9B34A00255155 /* Release */,
			);
			defaultConfigurationIsVisible = 0;
			defaultConfigurationName = Release;
		};
		81EF12A21BFB763400321BB8 /* Build configuration list for PBXNativeTarget "miPizzaWatchOS Extension" */ = {
			isa = XCConfigurationList;
			buildConfigurations = (
				81EF12A01BFB763400321BB8 /* Debug */,
				81EF12A11BFB763400321BB8 /* Release */,
			);
			defaultConfigurationIsVisible = 0;
			defaultConfigurationName = Release;
		};
		81EF12A41BFB763400321BB8 /* Build configuration list for PBXNativeTarget "miPizzaWatchOS" */ = {
			isa = XCConfigurationList;
			buildConfigurations = (
				81EF129E1BFB763400321BB8 /* Debug */,
				81EF129F1BFB763400321BB8 /* Release */,
			);
			defaultConfigurationIsVisible = 0;
			defaultConfigurationName = Release;
		};
/* End XCConfigurationList section */
	};
	rootObject = 81E0519F1BE9B34A00255155 /* Project object */;
}
